
Microsoft Visual Studio Solution File, Format Version 12.00
# Visual Studio Version 17
VisualStudioVersion = 17.0.31919.166
MinimumVisualStudioVersion = 10.0.40219.1
Project("{8BC9CEB8-8B4A-11D0-8D11-00A0C91BC942}") = "SapperWindows", "SapperWindows\SapperWindows.vcxproj", "{026FD8B5-2496-4CF3-89A4-74011DFDA8DE}"
EndProject
Global
	GlobalSection(SolutionConfigurationPlatforms) = preSolution
		Debug|x64 = Debug|x64
		Debug|x86 = Debug|x86
		Release|x64 = Release|x64
		Release|x86 = Release|x86
	EndGlobalSection
	GlobalSection(ProjectConfigurationPlatforms) = postSolution
		{026FD8B5-2496-4CF3-89A4-74011DFDA8DE}.Debug|x64.ActiveCfg = Debug|x64
		{026FD8B5-2496-4CF3-89A4-74011DFDA8DE}.Debug|x64.Build.0 = Debug|x64
		{026FD8B5-2496-4CF3-89A4-74011DFDA8DE}.Debug|x86.ActiveCfg = Debug|Win32
		{026FD8B5-2496-4CF3-89A4-74011DFDA8DE}.Debug|x86.Build.0 = Debug|Win32
		{026FD8B5-2496-4CF3-89A4-74011DFDA8DE}.Release|x64.ActiveCfg = Release|x64
		{026FD8B5-2496-4CF3-89A4-74011DFDA8DE}.Release|x64.Build.0 = Release|x64
		{026FD8B5-2496-4CF3-89A4-74011DFDA8DE}.Release|x86.ActiveCfg = Release|Win32
		{026FD8B5-2496-4CF3-89A4-74011DFDA8DE}.Release|x86.Build.0 = Release|Win32
	EndGlobalSection
	GlobalSection(SolutionProperties) = preSolution
		HideSolutionNode = FALSE
	EndGlobalSection
	GlobalSection(ExtensibilityGlobals) = postSolution
		SolutionGuid = {5D24F531-5AB7-4206-800A-A12E67697D81}
	EndGlobalSection
EndGlobal
